
Microsoft Visual Studio Solution File, Format Version 12.00
# Visual Studio Version 16
VisualStudioVersion = 16.0.29306.81
MinimumVisualStudioVersion = 10.0.40219.1
Project("{FAE04EC0-301F-11D3-BF4B-00C04F79EFBC}") = "RadialSliderDemo.UWP", "RadialSliderDemo\RadialSliderDemo.UWP\RadialSliderDemo.UWP.csproj", "{D0A3E709-FE0A-44AB-BA77-4CB971B11534}"
EndProject
Project("{FAE04EC0-301F-11D3-BF4B-00C04F79EFBC}") = "RadialSliderDemo.Android", "RadialSliderDemo\RadialSliderDemo.Android\RadialSliderDemo.Android.csproj", "{6CF5CC87-0691-47A7-BCED-80217802123D}"
EndProject
Project("{FAE04EC0-301F-11D3-BF4B-00C04F79EFBC}") = "RadialSliderDemo.iOS", "RadialSliderDemo\RadialSliderDemo.iOS\RadialSliderDemo.iOS.csproj", "{94A2F0C7-4A7A-4D31-98FB-541D8D070650}"
EndProject
Project("{FAE04EC0-301F-11D3-BF4B-00C04F79EFBC}") = "RadialSliderDemo", "RadialSliderDemo\RadialSliderDemo\RadialSliderDemo.csproj", "{2DA6EA86-97D9-4428-AF93-55B67C30EA2B}"
EndProject
Global
	GlobalSection(SolutionConfigurationPlatforms) = preSolution
		Debug|Any CPU = Debug|Any CPU
		Debug|ARM = Debug|ARM
		Debug|iPhone = Debug|iPhone
		Debug|iPhoneSimulator = Debug|iPhoneSimulator
		Debug|x64 = Debug|x64
		Debug|x86 = Debug|x86
		Release|Any CPU = Release|Any CPU
		Release|ARM = Release|ARM
		Release|iPhone = Release|iPhone
		Release|iPhoneSimulator = Release|iPhoneSimulator
		Release|x64 = Release|x64
		Release|x86 = Release|x86
	EndGlobalSection
	GlobalSection(ProjectConfigurationPlatforms) = postSolution
		{D0A3E709-FE0A-44AB-BA77-4CB971B11534}.Debug|Any CPU.ActiveCfg = Debug|x86
		{D0A3E709-FE0A-44AB-BA77-4CB971B11534}.Debug|Any CPU.Build.0 = Debug|x86
		{D0A3E709-FE0A-44AB-BA77-4CB971B11534}.Debug|Any CPU.Deploy.0 = Debug|x86
		{D0A3E709-FE0A-44AB-BA77-4CB971B11534}.Debug|ARM.ActiveCfg = Debug|ARM
		{D0A3E709-FE0A-44AB-BA77-4CB971B11534}.Debug|ARM.Build.0 = Debug|ARM
		{D0A3E709-FE0A-44AB-BA77-4CB971B11534}.Debug|ARM.Deploy.0 = Debug|ARM
		{D0A3E709-FE0A-44AB-BA77-4CB971B11534}.Debug|iPhone.ActiveCfg = Debug|x86
		{D0A3E709-FE0A-44AB-BA77-4CB971B11534}.Debug|iPhone.Build.0 = Debug|x86
		{D0A3E709-FE0A-44AB-BA77-4CB971B11534}.Debug|iPhone.Deploy.0 = Debug|x86
		{D0A3E709-FE0A-44AB-BA77-4CB971B11534}.Debug|iPhoneSimulator.ActiveCfg = Debug|x86
		{D0A3E709-FE0A-44AB-BA77-4CB971B11534}.Debug|iPhoneSimulator.Build.0 = Debug|x86
		{D0A3E709-FE0A-44AB-BA77-4CB971B11534}.Debug|iPhoneSimulator.Deploy.0 = Debug|x86
		{D0A3E709-FE0A-44AB-BA77-4CB971B11534}.Debug|x64.ActiveCfg = Debug|x64
		{D0A3E709-FE0A-44AB-BA77-4CB971B11534}.Debug|x64.Build.0 = Debug|x64
		{D0A3E709-FE0A-44AB-BA77-4CB971B11534}.Debug|x64.Deploy.0 = Debug|x64
		{D0A3E709-FE0A-44AB-BA77-4CB971B11534}.Debug|x86.ActiveCfg = Debug|x86
		{D0A3E709-FE0A-44AB-BA77-4CB971B11534}.Debug|x86.Build.0 = Debug|x86
		{D0A3E709-FE0A-44AB-BA77-4CB971B11534}.Debug|x86.Deploy.0 = Debug|x86
		{D0A3E709-FE0A-44AB-BA77-4CB971B11534}.Release|Any CPU.ActiveCfg = Release|x86
		{D0A3E709-FE0A-44AB-BA77-4CB971B11534}.Release|Any CPU.Build.0 = Release|x86
		{D0A3E709-FE0A-44AB-BA77-4CB971B11534}.Release|Any CPU.Deploy.0 = Release|x86
		{D0A3E709-FE0A-44AB-BA77-4CB971B11534}.Release|ARM.ActiveCfg = Release|ARM
		{D0A3E709-FE0A-44AB-BA77-4CB971B11534}.Release|ARM.Build.0 = Release|ARM
		{D0A3E709-FE0A-44AB-BA77-4CB971B11534}.Release|ARM.Deploy.0 = Release|ARM
		{D0A3E709-FE0A-44AB-BA77-4CB971B11534}.Release|iPhone.ActiveCfg = Release|x86
		{D0A3E709-FE0A-44AB-BA77-4CB971B11534}.Release|iPhone.Build.0 = Release|x86
		{D0A3E709-FE0A-44AB-BA77-4CB971B11534}.Release|iPhone.Deploy.0 = Release|x86
		{D0A3E709-FE0A-44AB-BA77-4CB971B11534}.Release|iPhoneSimulator.ActiveCfg = Release|x86
		{D0A3E709-FE0A-44AB-BA77-4CB971B11534}.Release|iPhoneSimulator.Build.0 = Release|x86
		{D0A3E709-FE0A-44AB-BA77-4CB971B11534}.Release|iPhoneSimulator.Deploy.0 = Release|x86
		{D0A3E709-FE0A-44AB-BA77-4CB971B11534}.Release|x64.ActiveCfg = Release|x64
		{D0A3E709-FE0A-44AB-BA77-4CB971B11534}.Release|x64.Build.0 = Release|x64
		{D0A3E709-FE0A-44AB-BA77-4CB971B11534}.Release|x64.Deploy.0 = Release|x64
		{D0A3E709-FE0A-44AB-BA77-4CB971B11534}.Release|x86.ActiveCfg = Release|x86
		{D0A3E709-FE0A-44AB-BA77-4CB971B11534}.Release|x86.Build.0 = Release|x86
		{D0A3E709-FE0A-44AB-BA77-4CB971B11534}.Release|x86.Deploy.0 = Release|x86
		{6CF5CC87-0691-47A7-BCED-80217802123D}.Debug|Any CPU.ActiveCfg = Debug|Any CPU
		{6CF5CC87-0691-47A7-BCED-80217802123D}.Debug|Any CPU.Build.0 = Debug|Any CPU
		{6CF5CC87-0691-47A7-BCED-80217802123D}.Debug|Any CPU.Deploy.0 = Debug|Any CPU
		{6CF5CC87-0691-47A7-BCED-80217802123D}.Debug|ARM.ActiveCfg = Debug|Any CPU
		{6CF5CC87-0691-47A7-BCED-80217802123D}.Debug|ARM.Build.0 = Debug|Any CPU
		{6CF5CC87-0691-47A7-BCED-80217802123D}.Debug|ARM.Deploy.0 = Debug|Any CPU
		{6CF5CC87-0691-47A7-BCED-80217802123D}.Debug|iPhone.ActiveCfg = Debug|Any CPU
		{6CF5CC87-0691-47A7-BCED-80217802123D}.Debug|iPhone.Build.0 = Debug|Any CPU
		{6CF5CC87-0691-47A7-BCED-80217802123D}.Debug|iPhone.Deploy.0 = Debug|Any CPU
		{6CF5CC87-0691-47A7-BCED-80217802123D}.Debug|iPhoneSimulator.ActiveCfg = Debug|Any CPU
		{6CF5CC87-0691-47A7-BCED-80217802123D}.Debug|iPhoneSimulator.Build.0 = Debug|Any CPU
		{6CF5CC87-0691-47A7-BCED-80217802123D}.Debug|iPhoneSimulator.Deploy.0 = Debug|Any CPU
		{6CF5CC87-0691-47A7-BCED-80217802123D}.Debug|x64.ActiveCfg = Debug|Any CPU
		{6CF5CC87-0691-47A7-BCED-80217802123D}.Debug|x64.Build.0 = Debug|Any CPU
		{6CF5CC87-0691-47A7-BCED-80217802123D}.Debug|x64.Deploy.0 = Debug|Any CPU
		{6CF5CC87-0691-47A7-BCED-80217802123D}.Debug|x86.ActiveCfg = Debug|Any CPU
		{6CF5CC87-0691-47A7-BCED-80217802123D}.Debug|x86.Build.0 = Debug|Any CPU
		{6CF5CC87-0691-47A7-BCED-80217802123D}.Debug|x86.Deploy.0 = Debug|Any CPU
		{6CF5CC87-0691-47A7-BCED-80217802123D}.Release|Any CPU.ActiveCfg = Release|Any CPU
		{6CF5CC87-0691-47A7-BCED-80217802123D}.Release|Any CPU.Build.0 = Release|Any CPU
		{6CF5CC87-0691-47A7-BCED-80217802123D}.Release|Any CPU.Deploy.0 = Release|Any CPU
		{6CF5CC87-0691-47A7-BCED-80217802123D}.Release|ARM.ActiveCfg = Release|Any CPU
		{6CF5CC87-0691-47A7-BCED-80217802123D}.Release|ARM.Build.0 = Release|Any CPU
		{6CF5CC87-0691-47A7-BCED-80217802123D}.Release|ARM.Deploy.0 = Release|Any CPU
		{6CF5CC87-0691-47A7-BCED-80217802123D}.Release|iPhone.ActiveCfg = Release|Any CPU
		{6CF5CC87-0691-47A7-BCED-80217802123D}.Release|iPhone.Build.0 = Release|Any CPU
		{6CF5CC87-0691-47A7-BCED-80217802123D}.Release|iPhone.Deploy.0 = Release|Any CPU
		{6CF5CC87-0691-47A7-BCED-80217802123D}.Release|iPhoneSimulator.ActiveCfg = Release|Any CPU
		{6CF5CC87-0691-47A7-BCED-80217802123D}.Release|iPhoneSimulator.Build.0 = Release|Any CPU
		{6CF5CC87-0691-47A7-BCED-80217802123D}.Release|iPhoneSimulator.Deploy.0 = Release|Any CPU
		{6CF5CC87-0691-47A7-BCED-80217802123D}.Release|x64.ActiveCfg = Release|Any CPU
		{6CF5CC87-0691-47A7-BCED-80217802123D}.Release|x64.Build.0 = Release|Any CPU
		{6CF5CC87-0691-47A7-BCED-80217802123D}.Release|x64.Deploy.0 = Release|Any CPU
		{6CF5CC87-0691-47A7-BCED-80217802123D}.Release|x86.ActiveCfg = Release|Any CPU
		{6CF5CC87-0691-47A7-BCED-80217802123D}.Release|x86.Build.0 = Release|Any CPU
		{6CF5CC87-0691-47A7-BCED-80217802123D}.Release|x86.Deploy.0 = Release|Any CPU
		{94A2F0C7-4A7A-4D31-98FB-541D8D070650}.Debug|Any CPU.ActiveCfg = Debug|iPhone
		{94A2F0C7-4A7A-4D31-98FB-541D8D070650}.Debug|Any CPU.Build.0 = Debug|iPhone
		{94A2F0C7-4A7A-4D31-98FB-541D8D070650}.Debug|Any CPU.Deploy.0 = Debug|iPhone
		{94A2F0C7-4A7A-4D31-98FB-541D8D070650}.Debug|ARM.ActiveCfg = Debug|iPhoneSimulator
		{94A2F0C7-4A7A-4D31-98FB-541D8D070650}.Debug|ARM.Build.0 = Debug|iPhoneSimulator
		{94A2F0C7-4A7A-4D31-98FB-541D8D070650}.Debug|ARM.Deploy.0 = Debug|iPhoneSimulator
		{94A2F0C7-4A7A-4D31-98FB-541D8D070650}.Debug|iPhone.ActiveCfg = Debug|iPhone
		{94A2F0C7-4A7A-4D31-98FB-541D8D070650}.Debug|iPhone.Build.0 = Debug|iPhone
		{94A2F0C7-4A7A-4D31-98FB-541D8D070650}.Debug|iPhone.Deploy.0 = Debug|iPhone
		{94A2F0C7-4A7A-4D31-98FB-541D8D070650}.Debug|iPhoneSimulator.ActiveCfg = Debug|iPhoneSimulator
		{94A2F0C7-4A7A-4D31-98FB-541D8D070650}.Debug|iPhoneSimulator.Build.0 = Debug|iPhoneSimulator
		{94A2F0C7-4A7A-4D31-98FB-541D8D070650}.Debug|iPhoneSimulator.Deploy.0 = Debug|iPhoneSimulator
		{94A2F0C7-4A7A-4D31-98FB-541D8D070650}.Debug|x64.ActiveCfg = Debug|iPhone
		{94A2F0C7-4A7A-4D31-98FB-541D8D070650}.Debug|x64.Build.0 = Debug|iPhone
		{94A2F0C7-4A7A-4D31-98FB-541D8D070650}.Debug|x64.Deploy.0 = Debug|iPhone
		{94A2F0C7-4A7A-4D31-98FB-541D8D070650}.Debug|x86.ActiveCfg = Debug|iPhone
		{94A2F0C7-4A7A-4D31-98FB-541D8D070650}.Debug|x86.Build.0 = Debug|iPhone
		{94A2F0C7-4A7A-4D31-98FB-541D8D070650}.Debug|x86.Deploy.0 = Debug|iPhone
		{94A2F0C7-4A7A-4D31-98FB-541D8D070650}.Release|Any CPU.ActiveCfg = Release|iPhone
		{94A2F0C7-4A7A-4D31-98FB-541D8D070650}.Release|Any CPU.Build.0 = Release|iPhone
		{94A2F0C7-4A7A-4D31-98FB-541D8D070650}.Release|Any CPU.Deploy.0 = Release|iPhone
		{94A2F0C7-4A7A-4D31-98FB-541D8D070650}.Release|ARM.ActiveCfg = Release|iPhone
		{94A2F0C7-4A7A-4D31-98FB-541D8D070650}.Release|ARM.Build.0 = Release|iPhone
		{94A2F0C7-4A7A-4D31-98FB-541D8D070650}.Release|ARM.Deploy.0 = Release|iPhone
		{94A2F0C7-4A7A-4D31-98FB-541D8D070650}.Release|iPhone.ActiveCfg = Release|iPhone
		{94A2F0C7-4A7A-4D31-98FB-541D8D070650}.Release|iPhone.Build.0 = Release|iPhone
		{94A2F0C7-4A7A-4D31-98FB-541D8D070650}.Release|iPhone.Deploy.0 = Release|iPhone
		{94A2F0C7-4A7A-4D31-98FB-541D8D070650}.Release|iPhoneSimulator.ActiveCfg = Release|iPhoneSimulator
		{94A2F0C7-4A7A-4D31-98FB-541D8D070650}.Release|iPhoneSimulator.Build.0 = Release|iPhoneSimulator
		{94A2F0C7-4A7A-4D31-98FB-541D8D070650}.Release|iPhoneSimulator.Deploy.0 = Release|iPhoneSimulator
		{94A2F0C7-4A7A-4D31-98FB-541D8D070650}.Release|x64.ActiveCfg = Release|iPhone
		{94A2F0C7-4A7A-4D31-98FB-541D8D070650}.Release|x64.Build.0 = Release|iPhone
		{94A2F0C7-4A7A-4D31-98FB-541D8D070650}.Release|x64.Deploy.0 = Release|iPhone
		{94A2F0C7-4A7A-4D31-98FB-541D8D070650}.Release|x86.ActiveCfg = Release|iPhone
		{94A2F0C7-4A7A-4D31-98FB-541D8D070650}.Release|x86.Build.0 = Release|iPhone
		{94A2F0C7-4A7A-4D31-98FB-541D8D070650}.Release|x86.Deploy.0 = Release|iPhone
		{2DA6EA86-97D9-4428-AF93-55B67C30EA2B}.Debug|Any CPU.ActiveCfg = Debug|Any CPU
		{2DA6EA86-97D9-4428-AF93-55B67C30EA2B}.Debug|Any CPU.Build.0 = Debug|Any CPU
		{2DA6EA86-97D9-4428-AF93-55B67C30EA2B}.Debug|Any CPU.Deploy.0 = Debug|Any CPU
		{2DA6EA86-97D9-4428-AF93-55B67C30EA2B}.Debug|ARM.ActiveCfg = Debug|Any CPU
		{2DA6EA86-97D9-4428-AF93-55B67C30EA2B}.Debug|ARM.Build.0 = Debug|Any CPU
		{2DA6EA86-97D9-4428-AF93-55B67C30EA2B}.Debug|ARM.Deploy.0 = Debug|Any CPU
		{2DA6EA86-97D9-4428-AF93-55B67C30EA2B}.Debug|iPhone.ActiveCfg = Debug|Any CPU
		{2DA6EA86-97D9-4428-AF93-55B67C30EA2B}.Debug|iPhone.Build.0 = Debug|Any CPU
		{2DA6EA86-97D9-4428-AF93-55B67C30EA2B}.Debug|iPhone.Deploy.0 = Debug|Any CPU
		{2DA6EA86-97D9-4428-AF93-55B67C30EA2B}.Debug|iPhoneSimulator.ActiveCfg = Debug|Any CPU
		{2DA6EA86-97D9-4428-AF93-55B67C30EA2B}.Debug|iPhoneSimulator.Build.0 = Debug|Any CPU
		{2DA6EA86-97D9-4428-AF93-55B67C30EA2B}.Debug|iPhoneSimulator.Deploy.0 = Debug|Any CPU
		{2DA6EA86-97D9-4428-AF93-55B67C30EA2B}.Debug|x64.ActiveCfg = Debug|Any CPU
		{2DA6EA86-97D9-4428-AF93-55B67C30EA2B}.Debug|x64.Build.0 = Debug|Any CPU
		{2DA6EA86-97D9-4428-AF93-55B67C30EA2B}.Debug|x64.Deploy.0 = Debug|Any CPU
		{2DA6EA86-97D9-4428-AF93-55B67C30EA2B}.Debug|x86.ActiveCfg = Debug|Any CPU
		{2DA6EA86-97D9-4428-AF93-55B67C30EA2B}.Debug|x86.Build.0 = Debug|Any CPU
		{2DA6EA86-97D9-4428-AF93-55B67C30EA2B}.Debug|x86.Deploy.0 = Debug|Any CPU
		{2DA6EA86-97D9-4428-AF93-55B67C30EA2B}.Release|Any CPU.ActiveCfg = Release|Any CPU
		{2DA6EA86-97D9-4428-AF93-55B67C30EA2B}.Release|Any CPU.Build.0 = Release|Any CPU
		{2DA6EA86-97D9-4428-AF93-55B67C30EA2B}.Release|Any CPU.Deploy.0 = Release|Any CPU
		{2DA6EA86-97D9-4428-AF93-55B67C30EA2B}.Release|ARM.ActiveCfg = Release|Any CPU
		{2DA6EA86-97D9-4428-AF93-55B67C30EA2B}.Release|ARM.Build.0 = Release|Any CPU
		{2DA6EA86-97D9-4428-AF93-55B67C30EA2B}.Release|ARM.Deploy.0 = Release|Any CPU
		{2DA6EA86-97D9-4428-AF93-55B67C30EA2B}.Release|iPhone.ActiveCfg = Release|Any CPU
		{2DA6EA86-97D9-4428-AF93-55B67C30EA2B}.Release|iPhone.Build.0 = Release|Any CPU
		{2DA6EA86-97D9-4428-AF93-55B67C30EA2B}.Release|iPhone.Deploy.0 = Release|Any CPU
		{2DA6EA86-97D9-4428-AF93-55B67C30EA2B}.Release|iPhoneSimulator.ActiveCfg = Release|Any CPU
		{2DA6EA86-97D9-4428-AF93-55B67C30EA2B}.Release|iPhoneSimulator.Build.0 = Release|Any CPU
		{2DA6EA86-97D9-4428-AF93-55B67C30EA2B}.Release|iPhoneSimulator.Deploy.0 = Release|Any CPU
		{2DA6EA86-97D9-4428-AF93-55B67C30EA2B}.Release|x64.ActiveCfg = Release|Any CPU
		{2DA6EA86-97D9-4428-AF93-55B67C30EA2B}.Release|x64.Build.0 = Release|Any CPU
		{2DA6EA86-97D9-4428-AF93-55B67C30EA2B}.Release|x64.Deploy.0 = Release|Any CPU
		{2DA6EA86-97D9-4428-AF93-55B67C30EA2B}.Release|x86.ActiveCfg = Release|Any CPU
		{2DA6EA86-97D9-4428-AF93-55B67C30EA2B}.Release|x86.Build.0 = Release|Any CPU
		{2DA6EA86-97D9-4428-AF93-55B67C30EA2B}.Release|x86.Deploy.0 = Release|Any CPU
	EndGlobalSection
	GlobalSection(SolutionProperties) = preSolution
		HideSolutionNode = FALSE
	EndGlobalSection
	GlobalSection(ExtensibilityGlobals) = postSolution
		SolutionGuid = {83F7F10B-BEDA-48BA-859C-110E84C8419C}
	EndGlobalSection
EndGlobal
